
Microsoft Visual Studio Solution File, Format Version 12.00
# Visual Studio Version 16
VisualStudioVersion = 16.0.29519.181
MinimumVisualStudioVersion = 10.0.40219.1
Project("{FAE04EC0-301F-11D3-BF4B-00C04F79EFBC}") = "school", "school\school.csproj", "{6F5C48FD-DCC2-4F98-BA79-8635D855ECF9}"
EndProject
Global
	GlobalSection(SolutionConfigurationPlatforms) = preSolution
		Debug|Any CPU = Debug|Any CPU
		Release|Any CPU = Release|Any CPU
	EndGlobalSection
	GlobalSection(ProjectConfigurationPlatforms) = postSolution
		{6F5C48FD-DCC2-4F98-BA79-8635D855ECF9}.Debug|Any CPU.ActiveCfg = Debug|Any CPU
		{6F5C48FD-DCC2-4F98-BA79-8635D855ECF9}.Debug|Any CPU.Build.0 = Debug|Any CPU
		{6F5C48FD-DCC2-4F98-BA79-8635D855ECF9}.Release|Any CPU.ActiveCfg = Release|Any CPU
		{6F5C48FD-DCC2-4F98-BA79-8635D855ECF9}.Release|Any CPU.Build.0 = Release|Any CPU
	EndGlobalSection
	GlobalSection(SolutionProperties) = preSolution
		HideSolutionNode = FALSE
	EndGlobalSection
	GlobalSection(ExtensibilityGlobals) = postSolution
		SolutionGuid = {CB656E3E-C3FF-4EE4-A647-686B1C9F4280}
	EndGlobalSection
EndGlobal
